{
  "originHash" : "478aa9315c07c49c8f542d09510f85405cc306c2f032fe55f44db047ba2bf2e5",
  "pins" : [
    {
      "identity" : "fluidaudio",
      "kind" : "remoteSourceControl",
      "location" : "https://github.com/dinooo13/FluidAudio.git",
      "state" : {
        "branch" : "incremental-chunks",
        "revision" : "e0f4e111080f74bac6f19882da50382ce0e11d29"
      }
    }
  ],
  "version" : 3
}
