{
  "originHash" : "478aa9315c07c49c8f542d09510f85405cc306c2f032fe55f44db047ba2bf2e5",
  "pins" : [
    {
      "identity" : "fluidaudio",
      "kind" : "remoteSourceControl",
      "location" : "https://github.com/dinooo13/FluidAudio.git",
      "state" : {
        "branch" : "incremental-chunks",
        "revision" : "b3ff0c62d7209bb779980e139d0c62abbc63e4ec"
      }
    }
  ],
  "version" : 3
}
